
Microsoft Visual Studio Solution File, Format Version 12.00
# Visual Studio Version 17
VisualStudioVersion = 17.6.33815.320
MinimumVisualStudioVersion = 10.0.40219.1
Project("{FAE04EC0-301F-11D3-BF4B-00C04F79EFBC}") = "EventApp.Web", "EventApp.Web\EventApp.Web.csproj", "{8920468C-461F-4C8E-9DBE-EEDF1C1863A9}"
EndProject
Project("{FAE04EC0-301F-11D3-BF4B-00C04F79EFBC}") = "EventApp.Core", "EventApp.Core\EventApp.Core.csproj", "{02EE79B5-248C-49A7-B712-10C3FFE836FA}"
EndProject
Project("{FAE04EC0-301F-11D3-BF4B-00C04F79EFBC}") = "EventApp.Data", "EventApp.Data\EventApp.Data.csproj", "{F90F0631-FAC0-449C-AE27-5DB2C6161A29}"
EndProject
Global
	GlobalSection(SolutionConfigurationPlatforms) = preSolution
		Debug|Any CPU = Debug|Any CPU
		Release|Any CPU = Release|Any CPU
	EndGlobalSection
	GlobalSection(ProjectConfigurationPlatforms) = postSolution
		{8920468C-461F-4C8E-9DBE-EEDF1C1863A9}.Debug|Any CPU.ActiveCfg = Debug|Any CPU
		{8920468C-461F-4C8E-9DBE-EEDF1C1863A9}.Debug|Any CPU.Build.0 = Debug|Any CPU
		{8920468C-461F-4C8E-9DBE-EEDF1C1863A9}.Release|Any CPU.ActiveCfg = Release|Any CPU
		{8920468C-461F-4C8E-9DBE-EEDF1C1863A9}.Release|Any CPU.Build.0 = Release|Any CPU
		{02EE79B5-248C-49A7-B712-10C3FFE836FA}.Debug|Any CPU.ActiveCfg = Debug|Any CPU
		{02EE79B5-248C-49A7-B712-10C3FFE836FA}.Debug|Any CPU.Build.0 = Debug|Any CPU
		{02EE79B5-248C-49A7-B712-10C3FFE836FA}.Release|Any CPU.ActiveCfg = Release|Any CPU
		{02EE79B5-248C-49A7-B712-10C3FFE836FA}.Release|Any CPU.Build.0 = Release|Any CPU
		{F90F0631-FAC0-449C-AE27-5DB2C6161A29}.Debug|Any CPU.ActiveCfg = Debug|Any CPU
		{F90F0631-FAC0-449C-AE27-5DB2C6161A29}.Debug|Any CPU.Build.0 = Debug|Any CPU
		{F90F0631-FAC0-449C-AE27-5DB2C6161A29}.Release|Any CPU.ActiveCfg = Release|Any CPU
		{F90F0631-FAC0-449C-AE27-5DB2C6161A29}.Release|Any CPU.Build.0 = Release|Any CPU
	EndGlobalSection
	GlobalSection(SolutionProperties) = preSolution
		HideSolutionNode = FALSE
	EndGlobalSection
	GlobalSection(ExtensibilityGlobals) = postSolution
		SolutionGuid = {1D6D3845-F9B5-437F-B66F-9DE0F3D64C38}
	EndGlobalSection
EndGlobal
